
Microsoft Visual Studio Solution File, Format Version 12.00
# Visual Studio 15
VisualStudioVersion = 15.0.26124.0
MinimumVisualStudioVersion = 15.0.26124.0
Project("{2150E333-8FDC-42A3-9474-1A3956D46DE8}") = "src", "src", "{ADEFA942-D7B8-43B1-A220-5EE4E48F8E72}"
EndProject
Project("{FAE04EC0-301F-11D3-BF4B-00C04F79EFBC}") = "QuillGames.Sudoku", "src\QuillGames.Sudoku\QuillGames.Sudoku.csproj", "{C8AF1FC5-E4EC-4485-B4A1-AC93E9A9FE91}"
EndProject
Project("{2150E333-8FDC-42A3-9474-1A3956D46DE8}") = "tests", "tests", "{DC49CB5E-06E2-4D60-A4E0-15E601A53CBB}"
EndProject
Project("{FAE04EC0-301F-11D3-BF4B-00C04F79EFBC}") = "QuillGames.Sudoku.Tests", "tests\QuillGames.Sudoku.Tests\QuillGames.Sudoku.Tests.csproj", "{41AD2DF3-F9C3-4DC9-9ECF-B17F5583EA9C}"
EndProject
Project("{FAE04EC0-301F-11D3-BF4B-00C04F79EFBC}") = "QuillGamesPlatform", "src\QuillGamesPlatform\QuillGamesPlatform.csproj", "{422B59AA-6D7C-4313-8CE8-A06A702D9D63}"
EndProject
Global
	GlobalSection(SolutionConfigurationPlatforms) = preSolution
		Debug|Any CPU = Debug|Any CPU
		Debug|x64 = Debug|x64
		Debug|x86 = Debug|x86
		Release|Any CPU = Release|Any CPU
		Release|x64 = Release|x64
		Release|x86 = Release|x86
	EndGlobalSection
	GlobalSection(SolutionProperties) = preSolution
		HideSolutionNode = FALSE
	EndGlobalSection
	GlobalSection(ProjectConfigurationPlatforms) = postSolution
		{C8AF1FC5-E4EC-4485-B4A1-AC93E9A9FE91}.Debug|Any CPU.ActiveCfg = Debug|Any CPU
		{C8AF1FC5-E4EC-4485-B4A1-AC93E9A9FE91}.Debug|Any CPU.Build.0 = Debug|Any CPU
		{C8AF1FC5-E4EC-4485-B4A1-AC93E9A9FE91}.Debug|x64.ActiveCfg = Debug|Any CPU
		{C8AF1FC5-E4EC-4485-B4A1-AC93E9A9FE91}.Debug|x64.Build.0 = Debug|Any CPU
		{C8AF1FC5-E4EC-4485-B4A1-AC93E9A9FE91}.Debug|x86.ActiveCfg = Debug|Any CPU
		{C8AF1FC5-E4EC-4485-B4A1-AC93E9A9FE91}.Debug|x86.Build.0 = Debug|Any CPU
		{C8AF1FC5-E4EC-4485-B4A1-AC93E9A9FE91}.Release|Any CPU.ActiveCfg = Release|Any CPU
		{C8AF1FC5-E4EC-4485-B4A1-AC93E9A9FE91}.Release|Any CPU.Build.0 = Release|Any CPU
		{C8AF1FC5-E4EC-4485-B4A1-AC93E9A9FE91}.Release|x64.ActiveCfg = Release|Any CPU
		{C8AF1FC5-E4EC-4485-B4A1-AC93E9A9FE91}.Release|x64.Build.0 = Release|Any CPU
		{C8AF1FC5-E4EC-4485-B4A1-AC93E9A9FE91}.Release|x86.ActiveCfg = Release|Any CPU
		{C8AF1FC5-E4EC-4485-B4A1-AC93E9A9FE91}.Release|x86.Build.0 = Release|Any CPU
		{41AD2DF3-F9C3-4DC9-9ECF-B17F5583EA9C}.Debug|Any CPU.ActiveCfg = Debug|Any CPU
		{41AD2DF3-F9C3-4DC9-9ECF-B17F5583EA9C}.Debug|Any CPU.Build.0 = Debug|Any CPU
		{41AD2DF3-F9C3-4DC9-9ECF-B17F5583EA9C}.Debug|x64.ActiveCfg = Debug|Any CPU
		{41AD2DF3-F9C3-4DC9-9ECF-B17F5583EA9C}.Debug|x64.Build.0 = Debug|Any CPU
		{41AD2DF3-F9C3-4DC9-9ECF-B17F5583EA9C}.Debug|x86.ActiveCfg = Debug|Any CPU
		{41AD2DF3-F9C3-4DC9-9ECF-B17F5583EA9C}.Debug|x86.Build.0 = Debug|Any CPU
		{41AD2DF3-F9C3-4DC9-9ECF-B17F5583EA9C}.Release|Any CPU.ActiveCfg = Release|Any CPU
		{41AD2DF3-F9C3-4DC9-9ECF-B17F5583EA9C}.Release|Any CPU.Build.0 = Release|Any CPU
		{41AD2DF3-F9C3-4DC9-9ECF-B17F5583EA9C}.Release|x64.ActiveCfg = Release|Any CPU
		{41AD2DF3-F9C3-4DC9-9ECF-B17F5583EA9C}.Release|x64.Build.0 = Release|Any CPU
		{41AD2DF3-F9C3-4DC9-9ECF-B17F5583EA9C}.Release|x86.ActiveCfg = Release|Any CPU
		{41AD2DF3-F9C3-4DC9-9ECF-B17F5583EA9C}.Release|x86.Build.0 = Release|Any CPU
		{422B59AA-6D7C-4313-8CE8-A06A702D9D63}.Debug|Any CPU.ActiveCfg = Debug|Any CPU
		{422B59AA-6D7C-4313-8CE8-A06A702D9D63}.Debug|Any CPU.Build.0 = Debug|Any CPU
		{422B59AA-6D7C-4313-8CE8-A06A702D9D63}.Debug|x64.ActiveCfg = Debug|Any CPU
		{422B59AA-6D7C-4313-8CE8-A06A702D9D63}.Debug|x64.Build.0 = Debug|Any CPU
		{422B59AA-6D7C-4313-8CE8-A06A702D9D63}.Debug|x86.ActiveCfg = Debug|Any CPU
		{422B59AA-6D7C-4313-8CE8-A06A702D9D63}.Debug|x86.Build.0 = Debug|Any CPU
		{422B59AA-6D7C-4313-8CE8-A06A702D9D63}.Release|Any CPU.ActiveCfg = Release|Any CPU
		{422B59AA-6D7C-4313-8CE8-A06A702D9D63}.Release|Any CPU.Build.0 = Release|Any CPU
		{422B59AA-6D7C-4313-8CE8-A06A702D9D63}.Release|x64.ActiveCfg = Release|Any CPU
		{422B59AA-6D7C-4313-8CE8-A06A702D9D63}.Release|x64.Build.0 = Release|Any CPU
		{422B59AA-6D7C-4313-8CE8-A06A702D9D63}.Release|x86.ActiveCfg = Release|Any CPU
		{422B59AA-6D7C-4313-8CE8-A06A702D9D63}.Release|x86.Build.0 = Release|Any CPU
	EndGlobalSection
	GlobalSection(NestedProjects) = preSolution
		{C8AF1FC5-E4EC-4485-B4A1-AC93E9A9FE91} = {ADEFA942-D7B8-43B1-A220-5EE4E48F8E72}
		{41AD2DF3-F9C3-4DC9-9ECF-B17F5583EA9C} = {DC49CB5E-06E2-4D60-A4E0-15E601A53CBB}
		{422B59AA-6D7C-4313-8CE8-A06A702D9D63} = {ADEFA942-D7B8-43B1-A220-5EE4E48F8E72}
	EndGlobalSection
EndGlobal
